
Microsoft Visual Studio Solution File, Format Version 12.00
# Visual Studio Version 17
VisualStudioVersion = 17.14.36327.8
MinimumVisualStudioVersion = 10.0.40219.1
Project("{FAE04EC0-301F-11D3-BF4B-00C04F79EFBC}") = "adaptation_tp1_console", "adaptation_tp1_console\adaptation_tp1_console.csproj", "{2EE894AC-41B1-464E-B515-26873861F04D}"
EndProject
Project("{FAE04EC0-301F-11D3-BF4B-00C04F79EFBC}") = "TestsUnitaires", "TestsUnitaires\TestsUnitaires.csproj", "{D9928028-1BE0-434A-B8E0-6B2EBAA56FEA}"
EndProject
Global
	GlobalSection(SolutionConfigurationPlatforms) = preSolution
		Debug|Any CPU = Debug|Any CPU
		Release|Any CPU = Release|Any CPU
	EndGlobalSection
	GlobalSection(ProjectConfigurationPlatforms) = postSolution
		{2EE894AC-41B1-464E-B515-26873861F04D}.Debug|Any CPU.ActiveCfg = Debug|Any CPU
		{2EE894AC-41B1-464E-B515-26873861F04D}.Debug|Any CPU.Build.0 = Debug|Any CPU
		{2EE894AC-41B1-464E-B515-26873861F04D}.Release|Any CPU.ActiveCfg = Release|Any CPU
		{2EE894AC-41B1-464E-B515-26873861F04D}.Release|Any CPU.Build.0 = Release|Any CPU
		{D9928028-1BE0-434A-B8E0-6B2EBAA56FEA}.Debug|Any CPU.ActiveCfg = Debug|Any CPU
		{D9928028-1BE0-434A-B8E0-6B2EBAA56FEA}.Debug|Any CPU.Build.0 = Debug|Any CPU
		{D9928028-1BE0-434A-B8E0-6B2EBAA56FEA}.Release|Any CPU.ActiveCfg = Release|Any CPU
		{D9928028-1BE0-434A-B8E0-6B2EBAA56FEA}.Release|Any CPU.Build.0 = Release|Any CPU
	EndGlobalSection
	GlobalSection(SolutionProperties) = preSolution
		HideSolutionNode = FALSE
	EndGlobalSection
	GlobalSection(ExtensibilityGlobals) = postSolution
		SolutionGuid = {92B97739-8F6D-4747-BFFD-BFD06EAC0A3D}
	EndGlobalSection
EndGlobal
